
Microsoft Visual Studio Solution File, Format Version 12.00
# Visual Studio Version 17
VisualStudioVersion = 17.14.36408.4
MinimumVisualStudioVersion = 10.0.40219.1
Project("{FAE04EC0-301F-11D3-BF4B-00C04F79EFBC}") = "NRT", "NRT.csproj", "{9CD4B3C3-A07D-48F9-9852-B292BF29D0E1}"
EndProject
Global
	GlobalSection(SolutionConfigurationPlatforms) = preSolution
		Debug|Any CPU = Debug|Any CPU
		Release|Any CPU = Release|Any CPU
	EndGlobalSection
	GlobalSection(ProjectConfigurationPlatforms) = postSolution
		{9CD4B3C3-A07D-48F9-9852-B292BF29D0E1}.Debug|Any CPU.ActiveCfg = Debug|Any CPU
		{9CD4B3C3-A07D-48F9-9852-B292BF29D0E1}.Debug|Any CPU.Build.0 = Debug|Any CPU
		{9CD4B3C3-A07D-48F9-9852-B292BF29D0E1}.Release|Any CPU.ActiveCfg = Release|Any CPU
		{9CD4B3C3-A07D-48F9-9852-B292BF29D0E1}.Release|Any CPU.Build.0 = Release|Any CPU
	EndGlobalSection
	GlobalSection(SolutionProperties) = preSolution
		HideSolutionNode = FALSE
	EndGlobalSection
	GlobalSection(ExtensibilityGlobals) = postSolution
		SolutionGuid = {6B3FB085-40BE-44DF-806A-23484AE78573}
	EndGlobalSection
EndGlobal
